
Microsoft Visual Studio Solution File, Format Version 12.00
# Visual Studio Version 16
VisualStudioVersion = 16.0.31613.86
MinimumVisualStudioVersion = 10.0.40219.1
Project("{FAE04EC0-301F-11D3-BF4B-00C04F79EFBC}") = "Ejercicio02.Android", "Ejercicio02\Ejercicio02.Android\Ejercicio02.Android.csproj", "{D0805335-9DDD-4170-85A6-7B37FB55A8A1}"
EndProject
Project("{FAE04EC0-301F-11D3-BF4B-00C04F79EFBC}") = "Ejercicio02.iOS", "Ejercicio02\Ejercicio02.iOS\Ejercicio02.iOS.csproj", "{55DB61B6-D42E-4ABF-9D81-F4F9F12A976A}"
EndProject
Project("{FAE04EC0-301F-11D3-BF4B-00C04F79EFBC}") = "Ejercicio02", "Ejercicio02\Ejercicio02\Ejercicio02.csproj", "{1DF230FC-7DD4-4FC8-A364-A71B363F07CB}"
EndProject
Global
	GlobalSection(SolutionConfigurationPlatforms) = preSolution
		Debug|Any CPU = Debug|Any CPU
		Debug|iPhone = Debug|iPhone
		Debug|iPhoneSimulator = Debug|iPhoneSimulator
		Release|Any CPU = Release|Any CPU
		Release|iPhone = Release|iPhone
		Release|iPhoneSimulator = Release|iPhoneSimulator
	EndGlobalSection
	GlobalSection(ProjectConfigurationPlatforms) = postSolution
		{D0805335-9DDD-4170-85A6-7B37FB55A8A1}.Debug|Any CPU.ActiveCfg = Debug|Any CPU
		{D0805335-9DDD-4170-85A6-7B37FB55A8A1}.Debug|Any CPU.Build.0 = Debug|Any CPU
		{D0805335-9DDD-4170-85A6-7B37FB55A8A1}.Debug|Any CPU.Deploy.0 = Debug|Any CPU
		{D0805335-9DDD-4170-85A6-7B37FB55A8A1}.Debug|iPhone.ActiveCfg = Debug|Any CPU
		{D0805335-9DDD-4170-85A6-7B37FB55A8A1}.Debug|iPhone.Build.0 = Debug|Any CPU
		{D0805335-9DDD-4170-85A6-7B37FB55A8A1}.Debug|iPhone.Deploy.0 = Debug|Any CPU
		{D0805335-9DDD-4170-85A6-7B37FB55A8A1}.Debug|iPhoneSimulator.ActiveCfg = Debug|Any CPU
		{D0805335-9DDD-4170-85A6-7B37FB55A8A1}.Debug|iPhoneSimulator.Build.0 = Debug|Any CPU
		{D0805335-9DDD-4170-85A6-7B37FB55A8A1}.Debug|iPhoneSimulator.Deploy.0 = Debug|Any CPU
		{D0805335-9DDD-4170-85A6-7B37FB55A8A1}.Release|Any CPU.ActiveCfg = Release|Any CPU
		{D0805335-9DDD-4170-85A6-7B37FB55A8A1}.Release|Any CPU.Build.0 = Release|Any CPU
		{D0805335-9DDD-4170-85A6-7B37FB55A8A1}.Release|Any CPU.Deploy.0 = Release|Any CPU
		{D0805335-9DDD-4170-85A6-7B37FB55A8A1}.Release|iPhone.ActiveCfg = Release|Any CPU
		{D0805335-9DDD-4170-85A6-7B37FB55A8A1}.Release|iPhone.Build.0 = Release|Any CPU
		{D0805335-9DDD-4170-85A6-7B37FB55A8A1}.Release|iPhone.Deploy.0 = Release|Any CPU
		{D0805335-9DDD-4170-85A6-7B37FB55A8A1}.Release|iPhoneSimulator.ActiveCfg = Release|Any CPU
		{D0805335-9DDD-4170-85A6-7B37FB55A8A1}.Release|iPhoneSimulator.Build.0 = Release|Any CPU
		{D0805335-9DDD-4170-85A6-7B37FB55A8A1}.Release|iPhoneSimulator.Deploy.0 = Release|Any CPU
		{55DB61B6-D42E-4ABF-9D81-F4F9F12A976A}.Debug|Any CPU.ActiveCfg = Debug|iPhone
		{55DB61B6-D42E-4ABF-9D81-F4F9F12A976A}.Debug|Any CPU.Build.0 = Debug|iPhone
		{55DB61B6-D42E-4ABF-9D81-F4F9F12A976A}.Debug|Any CPU.Deploy.0 = Debug|iPhone
		{55DB61B6-D42E-4ABF-9D81-F4F9F12A976A}.Debug|iPhone.ActiveCfg = Debug|iPhone
		{55DB61B6-D42E-4ABF-9D81-F4F9F12A976A}.Debug|iPhone.Build.0 = Debug|iPhone
		{55DB61B6-D42E-4ABF-9D81-F4F9F12A976A}.Debug|iPhone.Deploy.0 = Debug|iPhone
		{55DB61B6-D42E-4ABF-9D81-F4F9F12A976A}.Debug|iPhoneSimulator.ActiveCfg = Debug|iPhoneSimulator
		{55DB61B6-D42E-4ABF-9D81-F4F9F12A976A}.Debug|iPhoneSimulator.Build.0 = Debug|iPhoneSimulator
		{55DB61B6-D42E-4ABF-9D81-F4F9F12A976A}.Debug|iPhoneSimulator.Deploy.0 = Debug|iPhoneSimulator
		{55DB61B6-D42E-4ABF-9D81-F4F9F12A976A}.Release|Any CPU.ActiveCfg = Release|iPhoneSimulator
		{55DB61B6-D42E-4ABF-9D81-F4F9F12A976A}.Release|Any CPU.Build.0 = Release|iPhoneSimulator
		{55DB61B6-D42E-4ABF-9D81-F4F9F12A976A}.Release|Any CPU.Deploy.0 = Release|iPhoneSimulator
		{55DB61B6-D42E-4ABF-9D81-F4F9F12A976A}.Release|iPhone.ActiveCfg = Release|iPhone
		{55DB61B6-D42E-4ABF-9D81-F4F9F12A976A}.Release|iPhone.Build.0 = Release|iPhone
		{55DB61B6-D42E-4ABF-9D81-F4F9F12A976A}.Release|iPhone.Deploy.0 = Release|iPhone
		{55DB61B6-D42E-4ABF-9D81-F4F9F12A976A}.Release|iPhoneSimulator.ActiveCfg = Release|iPhoneSimulator
		{55DB61B6-D42E-4ABF-9D81-F4F9F12A976A}.Release|iPhoneSimulator.Build.0 = Release|iPhoneSimulator
		{55DB61B6-D42E-4ABF-9D81-F4F9F12A976A}.Release|iPhoneSimulator.Deploy.0 = Release|iPhoneSimulator
		{1DF230FC-7DD4-4FC8-A364-A71B363F07CB}.Debug|Any CPU.ActiveCfg = Debug|Any CPU
		{1DF230FC-7DD4-4FC8-A364-A71B363F07CB}.Debug|Any CPU.Build.0 = Debug|Any CPU
		{1DF230FC-7DD4-4FC8-A364-A71B363F07CB}.Debug|Any CPU.Deploy.0 = Debug|Any CPU
		{1DF230FC-7DD4-4FC8-A364-A71B363F07CB}.Debug|iPhone.ActiveCfg = Debug|Any CPU
		{1DF230FC-7DD4-4FC8-A364-A71B363F07CB}.Debug|iPhone.Build.0 = Debug|Any CPU
		{1DF230FC-7DD4-4FC8-A364-A71B363F07CB}.Debug|iPhone.Deploy.0 = Debug|Any CPU
		{1DF230FC-7DD4-4FC8-A364-A71B363F07CB}.Debug|iPhoneSimulator.ActiveCfg = Debug|Any CPU
		{1DF230FC-7DD4-4FC8-A364-A71B363F07CB}.Debug|iPhoneSimulator.Build.0 = Debug|Any CPU
		{1DF230FC-7DD4-4FC8-A364-A71B363F07CB}.Debug|iPhoneSimulator.Deploy.0 = Debug|Any CPU
		{1DF230FC-7DD4-4FC8-A364-A71B363F07CB}.Release|Any CPU.ActiveCfg = Release|Any CPU
		{1DF230FC-7DD4-4FC8-A364-A71B363F07CB}.Release|Any CPU.Build.0 = Release|Any CPU
		{1DF230FC-7DD4-4FC8-A364-A71B363F07CB}.Release|Any CPU.Deploy.0 = Release|Any CPU
		{1DF230FC-7DD4-4FC8-A364-A71B363F07CB}.Release|iPhone.ActiveCfg = Release|Any CPU
		{1DF230FC-7DD4-4FC8-A364-A71B363F07CB}.Release|iPhone.Build.0 = Release|Any CPU
		{1DF230FC-7DD4-4FC8-A364-A71B363F07CB}.Release|iPhone.Deploy.0 = Release|Any CPU
		{1DF230FC-7DD4-4FC8-A364-A71B363F07CB}.Release|iPhoneSimulator.ActiveCfg = Release|Any CPU
		{1DF230FC-7DD4-4FC8-A364-A71B363F07CB}.Release|iPhoneSimulator.Build.0 = Release|Any CPU
		{1DF230FC-7DD4-4FC8-A364-A71B363F07CB}.Release|iPhoneSimulator.Deploy.0 = Release|Any CPU
	EndGlobalSection
	GlobalSection(SolutionProperties) = preSolution
		HideSolutionNode = FALSE
	EndGlobalSection
	GlobalSection(ExtensibilityGlobals) = postSolution
		SolutionGuid = {B26D0FF5-DA37-40AF-8C2B-C8506DD4E953}
	EndGlobalSection
EndGlobal
